<Solution>
  <Project Path="DocumentProcessingPipeline.AppHost/DocumentProcessingPipeline.AppHost.csproj" />
  <Project Path="DocumentProcessingPipeline.Server.Domain/DocumentProcessingPipeline.Server.Domain.csproj" />
  <Project Path="DocumentProcessingPipeline.Server.Infrastructure/DocumentProcessingPipeline.Server.Infrastructure.csproj" />
  <Project Path="DocumentProcessingPipeline.Server/DocumentProcessingPipeline.Server.csproj" />
</Solution>
